
Microsoft Visual Studio Solution File, Format Version 12.00
# Visual Studio 15
VisualStudioVersion = 15.0.28307.168
MinimumVisualStudioVersion = 10.0.40219.1
Project("{FAE04EC0-301F-11D3-BF4B-00C04F79EFBC}") = "eljur_web", "eljur_web\eljur_web.csproj", "{C3A6486C-F3FE-432F-B78E-C5F5CD1A6195}"
EndProject
Global
	GlobalSection(SolutionConfigurationPlatforms) = preSolution
		Debug|Any CPU = Debug|Any CPU
		Release|Any CPU = Release|Any CPU
	EndGlobalSection
	GlobalSection(ProjectConfigurationPlatforms) = postSolution
		{C3A6486C-F3FE-432F-B78E-C5F5CD1A6195}.Debug|Any CPU.ActiveCfg = Debug|Any CPU
		{C3A6486C-F3FE-432F-B78E-C5F5CD1A6195}.Debug|Any CPU.Build.0 = Debug|Any CPU
		{C3A6486C-F3FE-432F-B78E-C5F5CD1A6195}.Release|Any CPU.ActiveCfg = Release|Any CPU
		{C3A6486C-F3FE-432F-B78E-C5F5CD1A6195}.Release|Any CPU.Build.0 = Release|Any CPU
	EndGlobalSection
	GlobalSection(SolutionProperties) = preSolution
		HideSolutionNode = FALSE
	EndGlobalSection
	GlobalSection(ExtensibilityGlobals) = postSolution
		SolutionGuid = {9736F5B7-B148-4D52-A317-AF17B8076824}
	EndGlobalSection
EndGlobal
